// !$*UTF8*$!
{
	archiveVersion = 1;
	classes = {
	};
	objectVersion = 50;
	objects = {

/* Begin PBXBuildFile section */
		181F4D3E2421B89D00830ABC /* MovieManager.swift in Sources */ = {isa = PBXBuildFile; fileRef = 181F4D3D2421B89D00830ABC /* MovieManager.swift */; };
		181F4D402423EEA400830ABC /* MovieData.swift in Sources */ = {isa = PBXBuildFile; fileRef = 181F4D3F2423EEA400830ABC /* MovieData.swift */; };
		181F4D4224243BC600830ABC /* MovieModel.swift in Sources */ = {isa = PBXBuildFile; fileRef = 181F4D4124243BC600830ABC /* MovieModel.swift */; };
		182F966A24BF7132003AFE5B /* InfoViewController.swift in Sources */ = {isa = PBXBuildFile; fileRef = 182F966924BF7132003AFE5B /* InfoViewController.swift */; };
		18409429245F78A4008D2CA3 /* WebKit.framework in Frameworks */ = {isa = PBXBuildFile; fileRef = 18409428245F78A4008D2CA3 /* WebKit.framework */; };
		185002922443B32400F4CA34 /* ResultsViewController.swift in Sources */ = {isa = PBXBuildFile; fileRef = 185002912443B32400F4CA34 /* ResultsViewController.swift */; };
		18D94E02241D29FB0091728A /* AppDelegate.swift in Sources */ = {isa = PBXBuildFile; fileRef = 18D94E01241D29FB0091728A /* AppDelegate.swift */; };
		18D94E04241D29FB0091728A /* art.scnassets in Resources */ = {isa = PBXBuildFile; fileRef = 18D94E03241D29FB0091728A /* art.scnassets */; };
		18D94E06241D29FB0091728A /* ViewController.swift in Sources */ = {isa = PBXBuildFile; fileRef = 18D94E05241D29FB0091728A /* ViewController.swift */; };
		18D94E09241D29FB0091728A /* Main.storyboard in Resources */ = {isa = PBXBuildFile; fileRef = 18D94E07241D29FB0091728A /* Main.storyboard */; };
		18D94E0B241D29FD0091728A /* Assets.xcassets in Resources */ = {isa = PBXBuildFile; fileRef = 18D94E0A241D29FD0091728A /* Assets.xcassets */; };
		18D94E0E241D29FD0091728A /* LaunchScreen.storyboard in Resources */ = {isa = PBXBuildFile; fileRef = 18D94E0C241D29FD0091728A /* LaunchScreen.storyboard */; };
		18D94E1B241D2E3B0091728A /* SearchViewController.swift in Sources */ = {isa = PBXBuildFile; fileRef = 18D94E1A241D2E3B0091728A /* SearchViewController.swift */; };
/* End PBXBuildFile section */

/* Begin PBXFileReference section */
		181F4D3D2421B89D00830ABC /* MovieManager.swift */ = {isa = PBXFileReference; lastKnownFileType = sourcecode.swift; path = MovieManager.swift; sourceTree = "<group>"; };
		181F4D3F2423EEA400830ABC /* MovieData.swift */ = {isa = PBXFileReference; lastKnownFileType = sourcecode.swift; path = MovieData.swift; sourceTree = "<group>"; };
		181F4D4124243BC600830ABC /* MovieModel.swift */ = {isa = PBXFileReference; lastKnownFileType = sourcecode.swift; path = MovieModel.swift; sourceTree = "<group>"; };
		182F966924BF7132003AFE5B /* InfoViewController.swift */ = {isa = PBXFileReference; lastKnownFileType = sourcecode.swift; path = InfoViewController.swift; sourceTree = "<group>"; };
		18409428245F78A4008D2CA3 /* WebKit.framework */ = {isa = PBXFileReference; lastKnownFileType = wrapper.framework; name = WebKit.framework; path = System/Library/Frameworks/WebKit.framework; sourceTree = SDKROOT; };
		185002912443B32400F4CA34 /* ResultsViewController.swift */ = {isa = PBXFileReference; lastKnownFileType = sourcecode.swift; path = ResultsViewController.swift; sourceTree = "<group>"; };
		18D94DFE241D29FB0091728A /* ARtrailer.app */ = {isa = PBXFileReference; explicitFileType = wrapper.application; includeInIndex = 0; path = ARtrailer.app; sourceTree = BUILT_PRODUCTS_DIR; };
		18D94E01241D29FB0091728A /* AppDelegate.swift */ = {isa = PBXFileReference; lastKnownFileType = sourcecode.swift; path = AppDelegate.swift; sourceTree = "<group>"; };
		18D94E03241D29FB0091728A /* art.scnassets */ = {isa = PBXFileReference; lastKnownFileType = wrapper.scnassets; path = art.scnassets; sourceTree = "<group>"; };
		18D94E05241D29FB0091728A /* ViewController.swift */ = {isa = PBXFileReference; lastKnownFileType = sourcecode.swift; path = ViewController.swift; sourceTree = "<group>"; };
		18D94E08241D29FB0091728A /* Base */ = {isa = PBXFileReference; lastKnownFileType = file.storyboard; name = Base; path = Base.lproj/Main.storyboard; sourceTree = "<group>"; };
		18D94E0A241D29FD0091728A /* Assets.xcassets */ = {isa = PBXFileReference; lastKnownFileType = folder.assetcatalog; path = Assets.xcassets; sourceTree = "<group>"; };
		18D94E0D241D29FD0091728A /* Base */ = {isa = PBXFileReference; lastKnownFileType = file.storyboard; name = Base; path = Base.lproj/LaunchScreen.storyboard; sourceTree = "<group>"; };
		18D94E0F241D29FD0091728A /* Info.plist */ = {isa = PBXFileReference; lastKnownFileType = text.plist.xml; path = Info.plist; sourceTree = "<group>"; };
		18D94E1A241D2E3B0091728A /* SearchViewController.swift */ = {isa = PBXFileReference; lastKnownFileType = sourcecode.swift; path = SearchViewController.swift; sourceTree = "<group>"; };
/* End PBXFileReference section */

/* Begin PBXFrameworksBuildPhase section */
		18D94DFB241D29FB0091728A /* Frameworks */ = {
			isa = PBXFrameworksBuildPhase;
			buildActionMask = 2147483647;
			files = (
				18409429245F78A4008D2CA3 /* WebKit.framework in Frameworks */,
			);
			runOnlyForDeploymentPostprocessing = 0;
		};
/* End PBXFrameworksBuildPhase section */

/* Begin PBXGroup section */
		18409427245F78A3008D2CA3 /* Frameworks */ = {
			isa = PBXGroup;
			children = (
				18409428245F78A4008D2CA3 /* WebKit.framework */,
			);
			name = Frameworks;
			sourceTree = "<group>";
		};
		18D94DF5241D29FB0091728A = {
			isa = PBXGroup;
			children = (
				18D94E00241D29FB0091728A /* ARtrailer */,
				18D94DFF241D29FB0091728A /* Products */,
				18409427245F78A3008D2CA3 /* Frameworks */,
			);
			sourceTree = "<group>";
		};
		18D94DFF241D29FB0091728A /* Products */ = {
			isa = PBXGroup;
			children = (
				18D94DFE241D29FB0091728A /* ARtrailer.app */,
			);
			name = Products;
			sourceTree = "<group>";
		};
		18D94E00241D29FB0091728A /* ARtrailer */ = {
			isa = PBXGroup;
			children = (
				18D94E01241D29FB0091728A /* AppDelegate.swift */,
				18D94E16241D2A960091728A /* View */,
				18D94E15241D2A830091728A /* Model */,
				18D94E17241D2AA80091728A /* Controller */,
				18D94E03241D29FB0091728A /* art.scnassets */,
				18D94E0A241D29FD0091728A /* Assets.xcassets */,
				18D94E0C241D29FD0091728A /* LaunchScreen.storyboard */,
				18D94E0F241D29FD0091728A /* Info.plist */,
			);
			path = ARtrailer;
			sourceTree = "<group>";
		};
		18D94E15241D2A830091728A /* Model */ = {
			isa = PBXGroup;
			children = (
				181F4D3D2421B89D00830ABC /* MovieManager.swift */,
				181F4D3F2423EEA400830ABC /* MovieData.swift */,
				181F4D4124243BC600830ABC /* MovieModel.swift */,
			);
			path = Model;
			sourceTree = "<group>";
		};
		18D94E16241D2A960091728A /* View */ = {
			isa = PBXGroup;
			children = (
				18D94E07241D29FB0091728A /* Main.storyboard */,
			);
			path = View;
			sourceTree = "<group>";
		};
		18D94E17241D2AA80091728A /* Controller */ = {
			isa = PBXGroup;
			children = (
				18D94E05241D29FB0091728A /* ViewController.swift */,
				18D94E1A241D2E3B0091728A /* SearchViewController.swift */,
				185002912443B32400F4CA34 /* ResultsViewController.swift */,
				182F966924BF7132003AFE5B /* InfoViewController.swift */,
			);
			path = Controller;
			sourceTree = "<group>";
		};
/* End PBXGroup section */

/* Begin PBXNativeTarget section */
		18D94DFD241D29FB0091728A /* ARtrailer */ = {
			isa = PBXNativeTarget;
			buildConfigurationList = 18D94E12241D29FD0091728A /* Build configuration list for PBXNativeTarget "ARtrailer" */;
			buildPhases = (
				18D94DFA241D29FB0091728A /* Sources */,
				18D94DFB241D29FB0091728A /* Frameworks */,
				18D94DFC241D29FB0091728A /* Resources */,
			);
			buildRules = (
			);
			dependencies = (
			);
			name = ARtrailer;
			productName = ARtrailer;
			productReference = 18D94DFE241D29FB0091728A /* ARtrailer.app */;
			productType = "com.apple.product-type.application";
		};
/* End PBXNativeTarget section */

/* Begin PBXProject section */
		18D94DF6241D29FB0091728A /* Project object */ = {
			isa = PBXProject;
			attributes = {
				LastSwiftUpdateCheck = 1120;
				LastUpgradeCheck = 1120;
				ORGANIZATIONNAME = "Daniel Ortiz";
				TargetAttributes = {
					18D94DFD241D29FB0091728A = {
						CreatedOnToolsVersion = 11.2.1;
					};
				};
			};
			buildConfigurationList = 18D94DF9241D29FB0091728A /* Build configuration list for PBXProject "ARtrailer" */;
			compatibilityVersion = "Xcode 9.3";
			developmentRegion = en;
			hasScannedForEncodings = 0;
			knownRegions = (
				en,
				Base,
			);
			mainGroup = 18D94DF5241D29FB0091728A;
			productRefGroup = 18D94DFF241D29FB0091728A /* Products */;
			projectDirPath = "";
			projectRoot = "";
			targets = (
				18D94DFD241D29FB0091728A /* ARtrailer */,
			);
		};
/* End PBXProject section */

/* Begin PBXResourcesBuildPhase section */
		18D94DFC241D29FB0091728A /* Resources */ = {
			isa = PBXResourcesBuildPhase;
			buildActionMask = 2147483647;
			files = (
				18D94E04241D29FB0091728A /* art.scnassets in Resources */,
				18D94E0E241D29FD0091728A /* LaunchScreen.storyboard in Resources */,
				18D94E0B241D29FD0091728A /* Assets.xcassets in Resources */,
				18D94E09241D29FB0091728A /* Main.storyboard in Resources */,
			);
			runOnlyForDeploymentPostprocessing = 0;
		};
/* End PBXResourcesBuildPhase section */

/* Begin PBXSourcesBuildPhase section */
		18D94DFA241D29FB0091728A /* Sources */ = {
			isa = PBXSourcesBuildPhase;
			buildActionMask = 2147483647;
			files = (
				181F4D4224243BC600830ABC /* MovieModel.swift in Sources */,
				181F4D3E2421B89D00830ABC /* MovieManager.swift in Sources */,
				18D94E1B241D2E3B0091728A /* SearchViewController.swift in Sources */,
				185002922443B32400F4CA34 /* ResultsViewController.swift in Sources */,
				18D94E06241D29FB0091728A /* ViewController.swift in Sources */,
				181F4D402423EEA400830ABC /* MovieData.swift in Sources */,
				182F966A24BF7132003AFE5B /* InfoViewController.swift in Sources */,
				18D94E02241D29FB0091728A /* AppDelegate.swift in Sources */,
			);
			runOnlyForDeploymentPostprocessing = 0;
		};
/* End PBXSourcesBuildPhase section */

/* Begin PBXVariantGroup section */
		18D94E07241D29FB0091728A /* Main.storyboard */ = {
			isa = PBXVariantGroup;
			children = (
				18D94E08241D29FB0091728A /* Base */,
			);
			name = Main.storyboard;
			sourceTree = "<group>";
		};
		18D94E0C241D29FD0091728A /* LaunchScreen.storyboard */ = {
			isa = PBXVariantGroup;
			children = (
				18D94E0D241D29FD0091728A /* Base */,
			);
			name = LaunchScreen.storyboard;
			sourceTree = "<group>";
		};
/* End PBXVariantGroup section */

/* Begin XCBuildConfiguration section */
		18D94E10241D29FD0091728A /* Debug */ = {
			isa = XCBuildConfiguration;
			buildSettings = {
				ALWAYS_SEARCH_USER_PATHS = NO;
				CLANG_ANALYZER_NONNULL = YES;
				CLANG_ANALYZER_NUMBER_OBJECT_CONVERSION = YES_AGGRESSIVE;
				CLANG_CXX_LANGUAGE_STANDARD = "gnu++14";
				CLANG_CXX_LIBRARY = "libc++";
				CLANG_ENABLE_MODULES = YES;
				CLANG_ENABLE_OBJC_ARC = YES;
				CLANG_ENABLE_OBJC_WEAK = YES;
				CLANG_WARN_BLOCK_CAPTURE_AUTORELEASING = YES;
				CLANG_WARN_BOOL_CONVERSION = YES;
				CLANG_WARN_COMMA = YES;
				CLANG_WARN_CONSTANT_CONVERSION = YES;
				CLANG_WARN_DEPRECATED_OBJC_IMPLEMENTATIONS = YES;
				CLANG_WARN_DIRECT_OBJC_ISA_USAGE = YES_ERROR;
				CLANG_WARN_DOCUMENTATION_COMMENTS = YES;
				CLANG_WARN_EMPTY_BODY = YES;
				CLANG_WARN_ENUM_CONVERSION = YES;
				CLANG_WARN_INFINITE_RECURSION = YES;
				CLANG_WARN_INT_CONVERSION = YES;
				CLANG_WARN_NON_LITERAL_NULL_CONVERSION = YES;
				CLANG_WARN_OBJC_IMPLICIT_RETAIN_SELF = YES;
				CLANG_WARN_OBJC_LITERAL_CONVERSION = YES;
				CLANG_WARN_OBJC_ROOT_CLASS = YES_ERROR;
				CLANG_WARN_RANGE_LOOP_ANALYSIS = YES;
				CLANG_WARN_STRICT_PROTOTYPES = YES;
				CLANG_WARN_SUSPICIOUS_MOVE = YES;
				CLANG_WARN_UNGUARDED_AVAILABILITY = YES_AGGRESSIVE;
				CLANG_WARN_UNREACHABLE_CODE = YES;
				CLANG_WARN__DUPLICATE_METHOD_MATCH = YES;
				COPY_PHASE_STRIP = NO;
				DEBUG_INFORMATION_FORMAT = dwarf;
				ENABLE_STRICT_OBJC_MSGSEND = YES;
				ENABLE_TESTABILITY = YES;
				GCC_C_LANGUAGE_STANDARD = gnu11;
				GCC_DYNAMIC_NO_PIC = NO;
				GCC_NO_COMMON_BLOCKS = YES;
				GCC_OPTIMIZATION_LEVEL = 0;
				GCC_PREPROCESSOR_DEFINITIONS = (
					"DEBUG=1",
					"$(inherited)",
				);
				GCC_WARN_64_TO_32_BIT_CONVERSION = YES;
				GCC_WARN_ABOUT_RETURN_TYPE = YES_ERROR;
				GCC_WARN_UNDECLARED_SELECTOR = YES;
				GCC_WARN_UNINITIALIZED_AUTOS = YES_AGGRESSIVE;
				GCC_WARN_UNUSED_FUNCTION = YES;
				GCC_WARN_UNUSED_VARIABLE = YES;
				IPHONEOS_DEPLOYMENT_TARGET = 13.2;
				MTL_ENABLE_DEBUG_INFO = INCLUDE_SOURCE;
				MTL_FAST_MATH = YES;
				ONLY_ACTIVE_ARCH = YES;
				SDKROOT = iphoneos;
				SWIFT_ACTIVE_COMPILATION_CONDITIONS = DEBUG;
				SWIFT_OPTIMIZATION_LEVEL = "-Onone";
			};
			name = Debug;
		};
		18D94E11241D29FD0091728A /* Release */ = {
			isa = XCBuildConfiguration;
			buildSettings = {
				ALWAYS_SEARCH_USER_PATHS = NO;
				CLANG_ANALYZER_NONNULL = YES;
				CLANG_ANALYZER_NUMBER_OBJECT_CONVERSION = YES_AGGRESSIVE;
				CLANG_CXX_LANGUAGE_STANDARD = "gnu++14";
				CLANG_CXX_LIBRARY = "libc++";
				CLANG_ENABLE_MODULES = YES;
				CLANG_ENABLE_OBJC_ARC = YES;
				CLANG_ENABLE_OBJC_WEAK = YES;
				CLANG_WARN_BLOCK_CAPTURE_AUTORELEASING = YES;
				CLANG_WARN_BOOL_CONVERSION = YES;
				CLANG_WARN_COMMA = YES;
				CLANG_WARN_CONSTANT_CONVERSION = YES;
				CLANG_WARN_DEPRECATED_OBJC_IMPLEMENTATIONS = YES;
				CLANG_WARN_DIRECT_OBJC_ISA_USAGE = YES_ERROR;
				CLANG_WARN_DOCUMENTATION_COMMENTS = YES;
				CLANG_WARN_EMPTY_BODY = YES;
				CLANG_WARN_ENUM_CONVERSION = YES;
				CLANG_WARN_INFINITE_RECURSION = YES;
				CLANG_WARN_INT_CONVERSION = YES;
				CLANG_WARN_NON_LITERAL_NULL_CONVERSION = YES;
				CLANG_WARN_OBJC_IMPLICIT_RETAIN_SELF = YES;
				CLANG_WARN_OBJC_LITERAL_CONVERSION = YES;
				CLANG_WARN_OBJC_ROOT_CLASS = YES_ERROR;
				CLANG_WARN_RANGE_LOOP_ANALYSIS = YES;
				CLANG_WARN_STRICT_PROTOTYPES = YES;
				CLANG_WARN_SUSPICIOUS_MOVE = YES;
				CLANG_WARN_UNGUARDED_AVAILABILITY = YES_AGGRESSIVE;
				CLANG_WARN_UNREACHABLE_CODE = YES;
				CLANG_WARN__DUPLICATE_METHOD_MATCH = YES;
				COPY_PHASE_STRIP = NO;
				DEBUG_INFORMATION_FORMAT = "dwarf-with-dsym";
				ENABLE_NS_ASSERTIONS = NO;
				ENABLE_STRICT_OBJC_MSGSEND = YES;
				GCC_C_LANGUAGE_STANDARD = gnu11;
				GCC_NO_COMMON_BLOCKS = YES;
				GCC_WARN_64_TO_32_BIT_CONVERSION = YES;
				GCC_WARN_ABOUT_RETURN_TYPE = YES_ERROR;
				GCC_WARN_UNDECLARED_SELECTOR = YES;
				GCC_WARN_UNINITIALIZED_AUTOS = YES_AGGRESSIVE;
				GCC_WARN_UNUSED_FUNCTION = YES;
				GCC_WARN_UNUSED_VARIABLE = YES;
				IPHONEOS_DEPLOYMENT_TARGET = 13.2;
				MTL_ENABLE_DEBUG_INFO = NO;
				MTL_FAST_MATH = YES;
				SDKROOT = iphoneos;
				SWIFT_COMPILATION_MODE = wholemodule;
				SWIFT_OPTIMIZATION_LEVEL = "-O";
				VALIDATE_PRODUCT = YES;
			};
			name = Release;
		};
		18D94E13241D29FD0091728A /* Debug */ = {
			isa = XCBuildConfiguration;
			buildSettings = {
				ASSETCATALOG_COMPILER_APPICON_NAME = AppIcon;
				CODE_SIGN_STYLE = Automatic;
				DEVELOPMENT_TEAM = 5USBMW4AED;
				INFOPLIST_FILE = ARtrailer/Info.plist;
				IPHONEOS_DEPLOYMENT_TARGET = 13.4;
				LD_RUNPATH_SEARCH_PATHS = (
					"$(inherited)",
					"@executable_path/Frameworks",
				);
				PRODUCT_BUNDLE_IDENTIFIER = com.DanielOrtiz.ARtrailer;
				PRODUCT_NAME = "$(TARGET_NAME)";
				SWIFT_VERSION = 5.0;
				TARGETED_DEVICE_FAMILY = "1,2";
			};
			name = Debug;
		};
		18D94E14241D29FD0091728A /* Release */ = {
			isa = XCBuildConfiguration;
			buildSettings = {
				ASSETCATALOG_COMPILER_APPICON_NAME = AppIcon;
				CODE_SIGN_STYLE = Automatic;
				DEVELOPMENT_TEAM = 5USBMW4AED;
				INFOPLIST_FILE = ARtrailer/Info.plist;
				IPHONEOS_DEPLOYMENT_TARGET = 13.4;
				LD_RUNPATH_SEARCH_PATHS = (
					"$(inherited)",
					"@executable_path/Frameworks",
				);
				PRODUCT_BUNDLE_IDENTIFIER = com.DanielOrtiz.ARtrailer;
				PRODUCT_NAME = "$(TARGET_NAME)";
				SWIFT_VERSION = 5.0;
				TARGETED_DEVICE_FAMILY = "1,2";
			};
			name = Release;
		};
/* End XCBuildConfiguration section */

/* Begin XCConfigurationList section */
		18D94DF9241D29FB0091728A /* Build configuration list for PBXProject "ARtrailer" */ = {
			isa = XCConfigurationList;
			buildConfigurations = (
				18D94E10241D29FD0091728A /* Debug */,
				18D94E11241D29FD0091728A /* Release */,
			);
			defaultConfigurationIsVisible = 0;
			defaultConfigurationName = Release;
		};
		18D94E12241D29FD0091728A /* Build configuration list for PBXNativeTarget "ARtrailer" */ = {
			isa = XCConfigurationList;
			buildConfigurations = (
				18D94E13241D29FD0091728A /* Debug */,
				18D94E14241D29FD0091728A /* Release */,
			);
			defaultConfigurationIsVisible = 0;
			defaultConfigurationName = Release;
		};
/* End XCConfigurationList section */
	};
	rootObject = 18D94DF6241D29FB0091728A /* Project object */;
}
